
Microsoft Visual Studio Solution File, Format Version 12.00
# Visual Studio 15
VisualStudioVersion = 15.0.26430.13
MinimumVisualStudioVersion = 10.0.40219.1
Project("{FAE04EC0-301F-11D3-BF4B-00C04F79EFBC}") = "FifaLanzador", "FifaLanzador\FifaLanzador.csproj", "{FC5DD537-CA28-4BF8-8C7E-DB11EF294BC3}"
EndProject
Global
	GlobalSection(SolutionConfigurationPlatforms) = preSolution
		Debug|Any CPU = Debug|Any CPU
		Release|Any CPU = Release|Any CPU
	EndGlobalSection
	GlobalSection(ProjectConfigurationPlatforms) = postSolution
		{FC5DD537-CA28-4BF8-8C7E-DB11EF294BC3}.Debug|Any CPU.ActiveCfg = Debug|Any CPU
		{FC5DD537-CA28-4BF8-8C7E-DB11EF294BC3}.Debug|Any CPU.Build.0 = Debug|Any CPU
		{FC5DD537-CA28-4BF8-8C7E-DB11EF294BC3}.Release|Any CPU.ActiveCfg = Release|Any CPU
		{FC5DD537-CA28-4BF8-8C7E-DB11EF294BC3}.Release|Any CPU.Build.0 = Release|Any CPU
	EndGlobalSection
	GlobalSection(SolutionProperties) = preSolution
		HideSolutionNode = FALSE
	EndGlobalSection
EndGlobal
